
Microsoft Visual Studio Solution File, Format Version 12.00
# Visual Studio Version 17
VisualStudioVersion = 17.2.32602.215
MinimumVisualStudioVersion = 10.0.40219.1
Project("{9A19103F-16F7-4668-BE54-9A1E7A4F7556}") = "DartSignalR", "DartSignalR\DartSignalR.csproj", "{BC02C9C2-E6D1-45AA-8BD0-1BF68449E49F}"
EndProject
Project("{9A19103F-16F7-4668-BE54-9A1E7A4F7556}") = "ConsoleApp", "Console\ConsoleApp.csproj", "{1F0B983E-4E5D-4875-910F-B0A9D23A4573}"
EndProject
Project("{2150E333-8FDC-42A3-9474-1A3956D46DE8}") = "Solution Items", "Solution Items", "{DC36EF89-1CA1-419E-82CC-C019415F0CD1}"
	ProjectSection(SolutionItems) = preProject
		README.md = README.md
	EndProjectSection
EndProject
Global
	GlobalSection(SolutionConfigurationPlatforms) = preSolution
		Debug|Any CPU = Debug|Any CPU
		Release|Any CPU = Release|Any CPU
	EndGlobalSection
	GlobalSection(ProjectConfigurationPlatforms) = postSolution
		{BC02C9C2-E6D1-45AA-8BD0-1BF68449E49F}.Debug|Any CPU.ActiveCfg = Debug|Any CPU
		{BC02C9C2-E6D1-45AA-8BD0-1BF68449E49F}.Debug|Any CPU.Build.0 = Debug|Any CPU
		{BC02C9C2-E6D1-45AA-8BD0-1BF68449E49F}.Release|Any CPU.ActiveCfg = Release|Any CPU
		{BC02C9C2-E6D1-45AA-8BD0-1BF68449E49F}.Release|Any CPU.Build.0 = Release|Any CPU
		{1F0B983E-4E5D-4875-910F-B0A9D23A4573}.Debug|Any CPU.ActiveCfg = Debug|Any CPU
		{1F0B983E-4E5D-4875-910F-B0A9D23A4573}.Debug|Any CPU.Build.0 = Debug|Any CPU
		{1F0B983E-4E5D-4875-910F-B0A9D23A4573}.Release|Any CPU.ActiveCfg = Release|Any CPU
		{1F0B983E-4E5D-4875-910F-B0A9D23A4573}.Release|Any CPU.Build.0 = Release|Any CPU
	EndGlobalSection
	GlobalSection(SolutionProperties) = preSolution
		HideSolutionNode = FALSE
	EndGlobalSection
	GlobalSection(ExtensibilityGlobals) = postSolution
		SolutionGuid = {9FE24B5E-808E-46BC-BCA9-FA5237A4F7AA}
	EndGlobalSection
EndGlobal
